Microsoft Visual Studio Solution File, Format Version 12.00
# Visual Studio Version 17
VisualStudioVersion = 17.5.2.0
MinimumVisualStudioVersion = 10.0.40219.1
Project("{FAE04EC0-301F-11D3-BF4B-00C04F79EFBC}") = "test4", "test4.csproj", "{919DBEA7-16C4-6898-7FDF-29A26E3AFDF1}"
EndProject
Global
	GlobalSection(SolutionConfigurationPlatforms) = preSolution
		Debug|Any CPU = Debug|Any CPU
		Release|Any CPU = Release|Any CPU
	EndGlobalSection
	GlobalSection(ProjectConfigurationPlatforms) = postSolution
		{919DBEA7-16C4-6898-7FDF-29A26E3AFDF1}.Debug|Any CPU.ActiveCfg = Debug|Any CPU
		{919DBEA7-16C4-6898-7FDF-29A26E3AFDF1}.Debug|Any CPU.Build.0 = Debug|Any CPU
		{919DBEA7-16C4-6898-7FDF-29A26E3AFDF1}.Release|Any CPU.ActiveCfg = Release|Any CPU
		{919DBEA7-16C4-6898-7FDF-29A26E3AFDF1}.Release|Any CPU.Build.0 = Release|Any CPU
	EndGlobalSection
	GlobalSection(SolutionProperties) = preSolution
		HideSolutionNode = FALSE
	EndGlobalSection
	GlobalSection(ExtensibilityGlobals) = postSolution
		SolutionGuid = {3D873807-D148-435F-96DC-323F527F5E57}
	EndGlobalSection
EndGlobal
